
Microsoft Visual Studio Solution File, Format Version 12.00
# Visual Studio Version 17
VisualStudioVersion = 17.0.32112.339
MinimumVisualStudioVersion = 10.0.40219.1
Project("{FAE04EC0-301F-11D3-BF4B-00C04F79EFBC}") = "weather app", "weather app\weather app.csproj", "{910CA1AA-0172-40AC-B6EA-F5604CCB83A2}"
EndProject
Global
	GlobalSection(SolutionConfigurationPlatforms) = preSolution
		Debug|Any CPU = Debug|Any CPU
		Release|Any CPU = Release|Any CPU
	EndGlobalSection
	GlobalSection(ProjectConfigurationPlatforms) = postSolution
		{910CA1AA-0172-40AC-B6EA-F5604CCB83A2}.Debug|Any CPU.ActiveCfg = Debug|Any CPU
		{910CA1AA-0172-40AC-B6EA-F5604CCB83A2}.Debug|Any CPU.Build.0 = Debug|Any CPU
		{910CA1AA-0172-40AC-B6EA-F5604CCB83A2}.Release|Any CPU.ActiveCfg = Release|Any CPU
		{910CA1AA-0172-40AC-B6EA-F5604CCB83A2}.Release|Any CPU.Build.0 = Release|Any CPU
	EndGlobalSection
	GlobalSection(SolutionProperties) = preSolution
		HideSolutionNode = FALSE
	EndGlobalSection
	GlobalSection(ExtensibilityGlobals) = postSolution
		SolutionGuid = {C9B4ED05-1C99-4F75-B886-BD69A1A2524A}
	EndGlobalSection
EndGlobal
